<?xml version="1.0" encoding="utf-8"?>
<Project ToolsVersion="4.0" xmlns="http://schemas.microsoft.com/developer/msbuild/2003">
  <ItemGroup>
    <Filter Include="Source Files">
      <UniqueIdentifier>{4FC737F1-C7A5-4376-A066-2A32D752A2FF}</UniqueIdentifier>
      <Extensions>cpp;c;cc;cxx;c++;cppm;ixx;def;odl;idl;hpj;bat;asm;asmx</Extensions>
    </Filter>
    <Filter Include="Header Files">
      <UniqueIdentifier>{93995380-89BD-4b04-88EB-625FBE52EBFB}</UniqueIdentifier>
      <Extensions>h;hh;hpp;hxx;h++;hm;inl;inc;ipp;xsd</Extensions>
    </Filter>
    <Filter Include="Resource Files">
      <UniqueIdentifier>{67DA6AB6-F800-4c08-8B7A-83BB121AAD01}</UniqueIdentifier>
      <Extensions>rc;ico;cur;bmp;dlg;rc2;rct;bin;rgs;gif;jpg;jpeg;jpe;resx;tiff;tif;png;wav;mfcribbon-ms</Extensions>
    </Filter>
  </ItemGroup>
  <ItemGroup>
    <ClCompile Include="main.cpp">
      <Filter>Source Files</Filter>
    </ClCompile>
    <ClCompile Include="Utils.cpp">
      <Filter>Source Files</Filter>
    </ClCompile>
    <ClCompile Include="Sphere.cpp">
      <Filter>Source Files</Filter>
    </ClCompile>
    <ClCompile Include="Stars.cpp">
      <Filter>Source Files</Filter>
    </ClCompile>
    <ClCompile Include="Gravity.cpp">
      <Filter>Source Files</Filter>
    </ClCompile>
    <ClCompile Include="ImportedModel.cpp">
      <Filter>Source Files</Filter>
    </ClCompile>
  </ItemGroup>
  <ItemGroup>
    <ClInclude Include="Utils.h">
      <Filter>Header Files</Filter>
    </ClInclude>
    <ClInclude Include="Sphere.h">
      <Filter>Header Files</Filter>
    </ClInclude>
    <ClInclude Include="Stars.h">
      <Filter>Header Files</Filter>
    </ClInclude>
    <ClInclude Include="Gravity.h">
      <Filter>Header Files</Filter>
    </ClInclude>
    <ClInclude Include="ImportedModel.h">
      <Filter>Header Files</Filter>
    </ClInclude>
  </ItemGroup>
  <ItemGroup>
    <None Include="vertShader.glsl">
      <Filter>Resource Files</Filter>
    </None>
    <None Include="fragShader.glsl">
      <Filter>Resource Files</Filter>
    </None>
    <None Include="vertShaderBackground.glsl">
      <Filter>Resource Files</Filter>
    </None>
    <None Include="fragShaderBackground.glsl">
      <Filter>Resource Files</Filter>
    </None>
  </ItemGroup>
  <ItemGroup>
    <Image Include="8k_moon.jpg">
      <Filter>Resource Files</Filter>
    </Image>
    <Image Include="8k_sun.jpg">
      <Filter>Resource Files</Filter>
    </Image>
    <Image Include="Menu.png">
      <Filter>Resource Files</Filter>
    </Image>
    <Image Include="4k_eris_fictional.jpg">
      <Filter>Resource Files</Filter>
    </Image>
    <Image Include="2k_mercury.jpg">
      <Filter>Resource Files</Filter>
    </Image>
    <Image Include="2k_venus_surface.jpg">
      <Filter>Resource Files</Filter>
    </Image>
    <Image Include="2k_jupiter.jpg">
      <Filter>Resource Files</Filter>
    </Image>
    <Image Include="2k_mars.jpg">
      <Filter>Resource Files</Filter>
    </Image>
    <Image Include="2k_neptune.jpg">
      <Filter>Resource Files</Filter>
    </Image>
    <Image Include="2k_saturn.jpg">
      <Filter>Resource Files</Filter>
    </Image>
    <Image Include="2k_uranus.jpg">
      <Filter>Resource Files</Filter>
    </Image>
    <Image Include="2k_venus_atmosphere.jpg">
      <Filter>Resource Files</Filter>
    </Image>
    <Image Include="textures\2k_stars_milky_way.jpg">
      <Filter>Resource Files</Filter>
    </Image>
    <Image Include="textures\8k_stars_milky_way.jpg">
      <Filter>Resource Files</Filter>
    </Image>
  </ItemGroup>
  <ItemGroup>
    <Text Include="test.txt">
      <Filter>Resource Files</Filter>
    </Text>
    <Text Include="nothing.txt">
      <Filter>Resource Files</Filter>
    </Text>
  </ItemGroup>
</Project>